
Microsoft Visual Studio Solution File, Format Version 12.00
# Visual Studio 15
Project("{FAE04EC0-301F-11D3-BF4B-00C04F79EFBC}") = "Assembly-CSharp", "Assembly-CSharp.csproj", "{A691F037-2DEA-F698-9E39-AD93A29BB452}"
EndProject
Project("{FAE04EC0-301F-11D3-BF4B-00C04F79EFBC}") = "Assembly-CSharp-firstpass", "Assembly-CSharp-firstpass.csproj", "{8F4C488E-3BC3-0658-E261-604213FD5677}"
EndProject
Project("{FAE04EC0-301F-11D3-BF4B-00C04F79EFBC}") = "Assembly-CSharp-Editor", "Assembly-CSharp-Editor.csproj", "{43EDD94F-D7EA-F5CF-6F81-4684CD0A60CD}"
EndProject
Global
	GlobalSection(SolutionConfigurationPlatforms) = preSolution
		Debug|Any CPU = Debug|Any CPU
		Release|Any CPU = Release|Any CPU
	EndGlobalSection
	GlobalSection(ProjectConfigurationPlatforms) = postSolution
		{A691F037-2DEA-F698-9E39-AD93A29BB452}.Debug|Any CPU.ActiveCfg = Debug|Any CPU
		{A691F037-2DEA-F698-9E39-AD93A29BB452}.Debug|Any CPU.Build.0 = Debug|Any CPU
		{A691F037-2DEA-F698-9E39-AD93A29BB452}.Release|Any CPU.ActiveCfg = Release|Any CPU
		{A691F037-2DEA-F698-9E39-AD93A29BB452}.Release|Any CPU.Build.0 = Release|Any CPU
		{8F4C488E-3BC3-0658-E261-604213FD5677}.Debug|Any CPU.ActiveCfg = Debug|Any CPU
		{8F4C488E-3BC3-0658-E261-604213FD5677}.Debug|Any CPU.Build.0 = Debug|Any CPU
		{8F4C488E-3BC3-0658-E261-604213FD5677}.Release|Any CPU.ActiveCfg = Release|Any CPU
		{8F4C488E-3BC3-0658-E261-604213FD5677}.Release|Any CPU.Build.0 = Release|Any CPU
		{43EDD94F-D7EA-F5CF-6F81-4684CD0A60CD}.Debug|Any CPU.ActiveCfg = Debug|Any CPU
		{43EDD94F-D7EA-F5CF-6F81-4684CD0A60CD}.Debug|Any CPU.Build.0 = Debug|Any CPU
		{43EDD94F-D7EA-F5CF-6F81-4684CD0A60CD}.Release|Any CPU.ActiveCfg = Release|Any CPU
		{43EDD94F-D7EA-F5CF-6F81-4684CD0A60CD}.Release|Any CPU.Build.0 = Release|Any CPU
	EndGlobalSection
	GlobalSection(SolutionProperties) = preSolution
		HideSolutionNode = FALSE
	EndGlobalSection
EndGlobal
